
Microsoft Visual Studio Solution File, Format Version 12.00
# Visual Studio 2013
VisualStudioVersion = 12.0.31101.0
MinimumVisualStudioVersion = 10.0.40219.1
Project("{FAE04EC0-301F-11D3-BF4B-00C04F79EFBC}") = "TransferServerLib", "TransferServerLib\TransferServerLib.csproj", "{40349B0B-1287-465A-AB69-82DFFE33DD35}"
EndProject
Project("{FAE04EC0-301F-11D3-BF4B-00C04F79EFBC}") = "TransferClientLib", "TransferClientLib\TransferClientLib.csproj", "{0810079B-E7AB-4087-82D5-896E5B41B050}"
EndProject
Project("{FAE04EC0-301F-11D3-BF4B-00C04F79EFBC}") = "TransferCommon", "TransferCommon\TransferCommon.csproj", "{69B24375-2673-45BF-BBDD-EC69C3D44DAC}"
EndProject
Project("{FAE04EC0-301F-11D3-BF4B-00C04F79EFBC}") = "TestWinFormServer", "TestWinFormServer\TestWinFormServer.csproj", "{09E10095-A897-4C3A-BBA7-1C9912850A18}"
EndProject
Project("{FAE04EC0-301F-11D3-BF4B-00C04F79EFBC}") = "TestWinFormClient", "TestWinFormClient\TestWinFormClient.csproj", "{431188CE-C1E8-4019-9BF0-6F971ED82805}"
EndProject
Project("{FAE04EC0-301F-11D3-BF4B-00C04F79EFBC}") = "UserServerLib", "UserServerLib\UserServerLib.csproj", "{01920E94-A247-4417-97AD-B8E495D6F6F8}"
EndProject
Project("{FAE04EC0-301F-11D3-BF4B-00C04F79EFBC}") = "UserCommon", "UserCommon\UserCommon.csproj", "{40D8C41A-18E0-49CF-B343-D96D53D158F8}"
EndProject
Project("{FAE04EC0-301F-11D3-BF4B-00C04F79EFBC}") = "Tool", "Tool\Tool.csproj", "{0B66BBDE-E5E4-4B37-BB20-B53EC61865FB}"
EndProject
Project("{FAE04EC0-301F-11D3-BF4B-00C04F79EFBC}") = "UserClientLib", "UserClientLib\UserClientLib.csproj", "{2D3F5361-E540-4F2E-9CB4-F5C133B022B1}"
EndProject
Project("{2150E333-8FDC-42A3-9474-1A3956D46DE8}") = "SuperSocket.ClientEngine", "SuperSocket.ClientEngine", "{23FB49C4-6D6B-4FF5-A177-BEF2D2FB570E}"
EndProject
Project("{FAE04EC0-301F-11D3-BF4B-00C04F79EFBC}") = "SuperSocket.ClientEngine.Core.Extend", "SuperSocket.ClientEngine.Core.Extend\SuperSocket.ClientEngine.Core.Extend.csproj", "{950E767D-A92B-4B24-9176-AFF38AC2571D}"
EndProject
Project("{FAE04EC0-301F-11D3-BF4B-00C04F79EFBC}") = "SuperSocket.ClientEngine.Common.Extend", "SuperSocket.ClientEngine.Common.Extend\SuperSocket.ClientEngine.Common.Extend.csproj", "{075AE2E5-78B9-4404-84C9-702B3B71C6A2}"
EndProject
Project("{2150E333-8FDC-42A3-9474-1A3956D46DE8}") = "Transfer", "Transfer", "{A9153107-4FEE-4A03-AFE2-198DC0D87C87}"
EndProject
Project("{2150E333-8FDC-42A3-9474-1A3956D46DE8}") = "User", "User", "{B47BA76D-9E5C-4AA4-BAF7-8C204F4B4249}"
EndProject
Project("{2150E333-8FDC-42A3-9474-1A3956D46DE8}") = "SuperSocket.SocketEngine", "SuperSocket.SocketEngine", "{6E6C1750-D349-4BA9-8A5C-BBA7E2DAEE57}"
EndProject
Project("{FAE04EC0-301F-11D3-BF4B-00C04F79EFBC}") = "SuperSocket.SocketBase.Extend", "SuperSocket.SocketBase.Extend\SuperSocket.SocketBase.Extend.csproj", "{8A89DAE6-B4D7-428B-AFD1-BFEC0C2D2333}"
EndProject
Project("{2150E333-8FDC-42A3-9474-1A3956D46DE8}") = "SuperSocket.Common", "SuperSocket.Common", "{E96750CA-94AF-4EE7-A551-B33569B12604}"
EndProject
Project("{FAE04EC0-301F-11D3-BF4B-00C04F79EFBC}") = "SuperSocket.Common.Extend", "SuperSocket.Common.Extend\SuperSocket.Common.Extend.csproj", "{57FA7DF0-E43C-4766-B5F3-8DAE4327AEE2}"
EndProject
Project("{FAE04EC0-301F-11D3-BF4B-00C04F79EFBC}") = "SuperSocket.Facility.Extend", "SuperSocket.Facility.Extend\SuperSocket.Facility.Extend.csproj", "{5D374503-63C1-4171-8B27-FDC06C6CD2E1}"
EndProject
Project("{2150E333-8FDC-42A3-9474-1A3956D46DE8}") = "SuperSocket", "SuperSocket", "{FD640F38-DF06-4EE9-B231-575751923D4E}"
EndProject
Project("{FAE04EC0-301F-11D3-BF4B-00C04F79EFBC}") = "UserClientServerLib", "UserClientServerLib\UserClientServerLib.csproj", "{709EC89C-2090-4EF1-966C-45089DE5B714}"
EndProject
Global
	GlobalSection(SolutionConfigurationPlatforms) = preSolution
		Debug|Any CPU = Debug|Any CPU
		Release|Any CPU = Release|Any CPU
	EndGlobalSection
	GlobalSection(ProjectConfigurationPlatforms) = postSolution
		{40349B0B-1287-465A-AB69-82DFFE33DD35}.Debug|Any CPU.ActiveCfg = Debug|Any CPU
		{40349B0B-1287-465A-AB69-82DFFE33DD35}.Debug|Any CPU.Build.0 = Debug|Any CPU
		{40349B0B-1287-465A-AB69-82DFFE33DD35}.Release|Any CPU.ActiveCfg = Release|Any CPU
		{40349B0B-1287-465A-AB69-82DFFE33DD35}.Release|Any CPU.Build.0 = Release|Any CPU
		{0810079B-E7AB-4087-82D5-896E5B41B050}.Debug|Any CPU.ActiveCfg = Debug|Any CPU
		{0810079B-E7AB-4087-82D5-896E5B41B050}.Debug|Any CPU.Build.0 = Debug|Any CPU
		{0810079B-E7AB-4087-82D5-896E5B41B050}.Release|Any CPU.ActiveCfg = Release|Any CPU
		{0810079B-E7AB-4087-82D5-896E5B41B050}.Release|Any CPU.Build.0 = Release|Any CPU
		{69B24375-2673-45BF-BBDD-EC69C3D44DAC}.Debug|Any CPU.ActiveCfg = Debug|Any CPU
		{69B24375-2673-45BF-BBDD-EC69C3D44DAC}.Debug|Any CPU.Build.0 = Debug|Any CPU
		{69B24375-2673-45BF-BBDD-EC69C3D44DAC}.Release|Any CPU.ActiveCfg = Release|Any CPU
		{69B24375-2673-45BF-BBDD-EC69C3D44DAC}.Release|Any CPU.Build.0 = Release|Any CPU
		{09E10095-A897-4C3A-BBA7-1C9912850A18}.Debug|Any CPU.ActiveCfg = Debug|Any CPU
		{09E10095-A897-4C3A-BBA7-1C9912850A18}.Debug|Any CPU.Build.0 = Debug|Any CPU
		{09E10095-A897-4C3A-BBA7-1C9912850A18}.Release|Any CPU.ActiveCfg = Release|Any CPU
		{09E10095-A897-4C3A-BBA7-1C9912850A18}.Release|Any CPU.Build.0 = Release|Any CPU
		{431188CE-C1E8-4019-9BF0-6F971ED82805}.Debug|Any CPU.ActiveCfg = Debug|Any CPU
		{431188CE-C1E8-4019-9BF0-6F971ED82805}.Debug|Any CPU.Build.0 = Debug|Any CPU
		{431188CE-C1E8-4019-9BF0-6F971ED82805}.Release|Any CPU.ActiveCfg = Release|Any CPU
		{431188CE-C1E8-4019-9BF0-6F971ED82805}.Release|Any CPU.Build.0 = Release|Any CPU
		{01920E94-A247-4417-97AD-B8E495D6F6F8}.Debug|Any CPU.ActiveCfg = Debug|Any CPU
		{01920E94-A247-4417-97AD-B8E495D6F6F8}.Debug|Any CPU.Build.0 = Debug|Any CPU
		{01920E94-A247-4417-97AD-B8E495D6F6F8}.Release|Any CPU.ActiveCfg = Release|Any CPU
		{01920E94-A247-4417-97AD-B8E495D6F6F8}.Release|Any CPU.Build.0 = Release|Any CPU
		{40D8C41A-18E0-49CF-B343-D96D53D158F8}.Debug|Any CPU.ActiveCfg = Debug|Any CPU
		{40D8C41A-18E0-49CF-B343-D96D53D158F8}.Debug|Any CPU.Build.0 = Debug|Any CPU
		{40D8C41A-18E0-49CF-B343-D96D53D158F8}.Release|Any CPU.ActiveCfg = Release|Any CPU
		{40D8C41A-18E0-49CF-B343-D96D53D158F8}.Release|Any CPU.Build.0 = Release|Any CPU
		{0B66BBDE-E5E4-4B37-BB20-B53EC61865FB}.Debug|Any CPU.ActiveCfg = Debug|Any CPU
		{0B66BBDE-E5E4-4B37-BB20-B53EC61865FB}.Debug|Any CPU.Build.0 = Debug|Any CPU
		{0B66BBDE-E5E4-4B37-BB20-B53EC61865FB}.Release|Any CPU.ActiveCfg = Release|Any CPU
		{0B66BBDE-E5E4-4B37-BB20-B53EC61865FB}.Release|Any CPU.Build.0 = Release|Any CPU
		{2D3F5361-E540-4F2E-9CB4-F5C133B022B1}.Debug|Any CPU.ActiveCfg = Debug|Any CPU
		{2D3F5361-E540-4F2E-9CB4-F5C133B022B1}.Debug|Any CPU.Build.0 = Debug|Any CPU
		{2D3F5361-E540-4F2E-9CB4-F5C133B022B1}.Release|Any CPU.ActiveCfg = Release|Any CPU
		{2D3F5361-E540-4F2E-9CB4-F5C133B022B1}.Release|Any CPU.Build.0 = Release|Any CPU
		{950E767D-A92B-4B24-9176-AFF38AC2571D}.Debug|Any CPU.ActiveCfg = Debug|Any CPU
		{950E767D-A92B-4B24-9176-AFF38AC2571D}.Debug|Any CPU.Build.0 = Debug|Any CPU
		{950E767D-A92B-4B24-9176-AFF38AC2571D}.Release|Any CPU.ActiveCfg = Release|Any CPU
		{950E767D-A92B-4B24-9176-AFF38AC2571D}.Release|Any CPU.Build.0 = Release|Any CPU
		{075AE2E5-78B9-4404-84C9-702B3B71C6A2}.Debug|Any CPU.ActiveCfg = Debug|Any CPU
		{075AE2E5-78B9-4404-84C9-702B3B71C6A2}.Debug|Any CPU.Build.0 = Debug|Any CPU
		{075AE2E5-78B9-4404-84C9-702B3B71C6A2}.Release|Any CPU.ActiveCfg = Release|Any CPU
		{075AE2E5-78B9-4404-84C9-702B3B71C6A2}.Release|Any CPU.Build.0 = Release|Any CPU
		{8A89DAE6-B4D7-428B-AFD1-BFEC0C2D2333}.Debug|Any CPU.ActiveCfg = Debug|Any CPU
		{8A89DAE6-B4D7-428B-AFD1-BFEC0C2D2333}.Debug|Any CPU.Build.0 = Debug|Any CPU
		{8A89DAE6-B4D7-428B-AFD1-BFEC0C2D2333}.Release|Any CPU.ActiveCfg = Release|Any CPU
		{8A89DAE6-B4D7-428B-AFD1-BFEC0C2D2333}.Release|Any CPU.Build.0 = Release|Any CPU
		{57FA7DF0-E43C-4766-B5F3-8DAE4327AEE2}.Debug|Any CPU.ActiveCfg = Debug|Any CPU
		{57FA7DF0-E43C-4766-B5F3-8DAE4327AEE2}.Debug|Any CPU.Build.0 = Debug|Any CPU
		{57FA7DF0-E43C-4766-B5F3-8DAE4327AEE2}.Release|Any CPU.ActiveCfg = Release|Any CPU
		{57FA7DF0-E43C-4766-B5F3-8DAE4327AEE2}.Release|Any CPU.Build.0 = Release|Any CPU
		{5D374503-63C1-4171-8B27-FDC06C6CD2E1}.Debug|Any CPU.ActiveCfg = Debug|Any CPU
		{5D374503-63C1-4171-8B27-FDC06C6CD2E1}.Debug|Any CPU.Build.0 = Debug|Any CPU
		{5D374503-63C1-4171-8B27-FDC06C6CD2E1}.Release|Any CPU.ActiveCfg = Release|Any CPU
		{5D374503-63C1-4171-8B27-FDC06C6CD2E1}.Release|Any CPU.Build.0 = Release|Any CPU
		{709EC89C-2090-4EF1-966C-45089DE5B714}.Debug|Any CPU.ActiveCfg = Debug|Any CPU
		{709EC89C-2090-4EF1-966C-45089DE5B714}.Debug|Any CPU.Build.0 = Debug|Any CPU
		{709EC89C-2090-4EF1-966C-45089DE5B714}.Release|Any CPU.ActiveCfg = Release|Any CPU
		{709EC89C-2090-4EF1-966C-45089DE5B714}.Release|Any CPU.Build.0 = Release|Any CPU
	EndGlobalSection
	GlobalSection(SolutionProperties) = preSolution
		HideSolutionNode = FALSE
	EndGlobalSection
	GlobalSection(NestedProjects) = preSolution
		{40349B0B-1287-465A-AB69-82DFFE33DD35} = {A9153107-4FEE-4A03-AFE2-198DC0D87C87}
		{0810079B-E7AB-4087-82D5-896E5B41B050} = {A9153107-4FEE-4A03-AFE2-198DC0D87C87}
		{69B24375-2673-45BF-BBDD-EC69C3D44DAC} = {A9153107-4FEE-4A03-AFE2-198DC0D87C87}
		{01920E94-A247-4417-97AD-B8E495D6F6F8} = {B47BA76D-9E5C-4AA4-BAF7-8C204F4B4249}
		{40D8C41A-18E0-49CF-B343-D96D53D158F8} = {B47BA76D-9E5C-4AA4-BAF7-8C204F4B4249}
		{2D3F5361-E540-4F2E-9CB4-F5C133B022B1} = {B47BA76D-9E5C-4AA4-BAF7-8C204F4B4249}
		{950E767D-A92B-4B24-9176-AFF38AC2571D} = {23FB49C4-6D6B-4FF5-A177-BEF2D2FB570E}
		{075AE2E5-78B9-4404-84C9-702B3B71C6A2} = {23FB49C4-6D6B-4FF5-A177-BEF2D2FB570E}
		{8A89DAE6-B4D7-428B-AFD1-BFEC0C2D2333} = {6E6C1750-D349-4BA9-8A5C-BBA7E2DAEE57}
		{57FA7DF0-E43C-4766-B5F3-8DAE4327AEE2} = {E96750CA-94AF-4EE7-A551-B33569B12604}
		{5D374503-63C1-4171-8B27-FDC06C6CD2E1} = {6E6C1750-D349-4BA9-8A5C-BBA7E2DAEE57}
		{709EC89C-2090-4EF1-966C-45089DE5B714} = {B47BA76D-9E5C-4AA4-BAF7-8C204F4B4249}
	EndGlobalSection
EndGlobal
